
Microsoft Visual Studio Solution File, Format Version 12.00
# Visual Studio 2013
VisualStudioVersion = 12.0.21005.1
MinimumVisualStudioVersion = 10.0.40219.1
Project("{FAE04EC0-301F-11D3-BF4B-00C04F79EFBC}") = "BlackJack", "BlackJack\BlackJack.csproj", "{57BAD4F1-0E7D-4086-A9A0-57B6E5E6C55D}"
EndProject
Project("{2150E333-8FDC-42A3-9474-1A3956D46DE8}") = "Solution Items", "Solution Items", "{15E595A0-3BCA-45F2-8F61-E41D8226903F}"
	ProjectSection(SolutionItems) = preProject
		TODO.txt = TODO.txt
	EndProjectSection
EndProject
Project("{FAE04EC0-301F-11D3-BF4B-00C04F79EFBC}") = "CardsLibrary", "CardsLibrary\CardsLibrary.csproj", "{D544320F-630B-4349-BF12-5C15BFED192E}"
EndProject
Global
	GlobalSection(SolutionConfigurationPlatforms) = preSolution
		Debug|Any CPU = Debug|Any CPU
		Release|Any CPU = Release|Any CPU
	EndGlobalSection
	GlobalSection(ProjectConfigurationPlatforms) = postSolution
		{57BAD4F1-0E7D-4086-A9A0-57B6E5E6C55D}.Debug|Any CPU.ActiveCfg = Debug|Any CPU
		{57BAD4F1-0E7D-4086-A9A0-57B6E5E6C55D}.Debug|Any CPU.Build.0 = Debug|Any CPU
		{57BAD4F1-0E7D-4086-A9A0-57B6E5E6C55D}.Release|Any CPU.ActiveCfg = Release|Any CPU
		{57BAD4F1-0E7D-4086-A9A0-57B6E5E6C55D}.Release|Any CPU.Build.0 = Release|Any CPU
		{D544320F-630B-4349-BF12-5C15BFED192E}.Debug|Any CPU.ActiveCfg = Debug|Any CPU
		{D544320F-630B-4349-BF12-5C15BFED192E}.Debug|Any CPU.Build.0 = Debug|Any CPU
		{D544320F-630B-4349-BF12-5C15BFED192E}.Release|Any CPU.ActiveCfg = Release|Any CPU
		{D544320F-630B-4349-BF12-5C15BFED192E}.Release|Any CPU.Build.0 = Release|Any CPU
	EndGlobalSection
	GlobalSection(SolutionProperties) = preSolution
		HideSolutionNode = FALSE
	EndGlobalSection
EndGlobal
